
Microsoft Visual Studio Solution File, Format Version 12.00
# Visual Studio Version 17
VisualStudioVersion = 17.1.32228.430
MinimumVisualStudioVersion = 10.0.40219.1
Project("{9A19103F-16F7-4668-BE54-9A1E7A4F7556}") = "QuickSortV3", "Algorithms\QuickSortV3.csproj", "{70D900C7-FDC1-41DB-A866-F5A51DA7CEA1}"
EndProject
Project("{FAE04EC0-301F-11D3-BF4B-00C04F79EFBC}") = "QuickSortV2", "QuickSort\QuickSortV2.csproj", "{724857E8-72FF-43CB-A33B-08E55CBB75F9}"
EndProject
Project("{FAE04EC0-301F-11D3-BF4B-00C04F79EFBC}") = "BubbleSort", "BubbleSort\BubbleSort.csproj", "{94D34997-4A18-411A-961B-3FE10CBCF11E}"
EndProject
Project("{FAE04EC0-301F-11D3-BF4B-00C04F79EFBC}") = "HeapSort", "HeapSort\HeapSort.csproj", "{BE60116C-9E5E-4D50-9E52-6DBDC3867FB9}"
EndProject
Project("{FAE04EC0-301F-11D3-BF4B-00C04F79EFBC}") = "SelectionSort", "SelectionSort\SelectionSort.csproj", "{FFDDC26D-2F78-4325-A704-8F25B068B54A}"
EndProject
Global
	GlobalSection(SolutionConfigurationPlatforms) = preSolution
		Debug|Any CPU = Debug|Any CPU
		Release|Any CPU = Release|Any CPU
	EndGlobalSection
	GlobalSection(ProjectConfigurationPlatforms) = postSolution
		{70D900C7-FDC1-41DB-A866-F5A51DA7CEA1}.Debug|Any CPU.ActiveCfg = Debug|Any CPU
		{70D900C7-FDC1-41DB-A866-F5A51DA7CEA1}.Debug|Any CPU.Build.0 = Debug|Any CPU
		{70D900C7-FDC1-41DB-A866-F5A51DA7CEA1}.Release|Any CPU.ActiveCfg = Release|Any CPU
		{70D900C7-FDC1-41DB-A866-F5A51DA7CEA1}.Release|Any CPU.Build.0 = Release|Any CPU
		{724857E8-72FF-43CB-A33B-08E55CBB75F9}.Debug|Any CPU.ActiveCfg = Debug|Any CPU
		{724857E8-72FF-43CB-A33B-08E55CBB75F9}.Debug|Any CPU.Build.0 = Debug|Any CPU
		{724857E8-72FF-43CB-A33B-08E55CBB75F9}.Release|Any CPU.ActiveCfg = Release|Any CPU
		{724857E8-72FF-43CB-A33B-08E55CBB75F9}.Release|Any CPU.Build.0 = Release|Any CPU
		{94D34997-4A18-411A-961B-3FE10CBCF11E}.Debug|Any CPU.ActiveCfg = Debug|Any CPU
		{94D34997-4A18-411A-961B-3FE10CBCF11E}.Debug|Any CPU.Build.0 = Debug|Any CPU
		{94D34997-4A18-411A-961B-3FE10CBCF11E}.Release|Any CPU.ActiveCfg = Release|Any CPU
		{94D34997-4A18-411A-961B-3FE10CBCF11E}.Release|Any CPU.Build.0 = Release|Any CPU
		{BE60116C-9E5E-4D50-9E52-6DBDC3867FB9}.Debug|Any CPU.ActiveCfg = Debug|Any CPU
		{BE60116C-9E5E-4D50-9E52-6DBDC3867FB9}.Debug|Any CPU.Build.0 = Debug|Any CPU
		{BE60116C-9E5E-4D50-9E52-6DBDC3867FB9}.Release|Any CPU.ActiveCfg = Release|Any CPU
		{BE60116C-9E5E-4D50-9E52-6DBDC3867FB9}.Release|Any CPU.Build.0 = Release|Any CPU
		{FFDDC26D-2F78-4325-A704-8F25B068B54A}.Debug|Any CPU.ActiveCfg = Debug|Any CPU
		{FFDDC26D-2F78-4325-A704-8F25B068B54A}.Debug|Any CPU.Build.0 = Debug|Any CPU
		{FFDDC26D-2F78-4325-A704-8F25B068B54A}.Release|Any CPU.ActiveCfg = Release|Any CPU
		{FFDDC26D-2F78-4325-A704-8F25B068B54A}.Release|Any CPU.Build.0 = Release|Any CPU
	EndGlobalSection
	GlobalSection(SolutionProperties) = preSolution
		HideSolutionNode = FALSE
	EndGlobalSection
	GlobalSection(ExtensibilityGlobals) = postSolution
		SolutionGuid = {6E41B7D4-F684-4061-AA16-985CB03C1ADE}
	EndGlobalSection
EndGlobal
